<?xml version="1.0" encoding="utf-8"?>
<Project ToolsVersion="4.0" xmlns="http://schemas.microsoft.com/developer/msbuild/2003">
  <ItemGroup>
    <Filter Include="소스 파일">
      <UniqueIdentifier>{4FC737F1-C7A5-4376-A066-2A32D752A2FF}</UniqueIdentifier>
      <Extensions>cpp;c;cc;cxx;c++;cppm;ixx;def;odl;idl;hpj;bat;asm;asmx</Extensions>
    </Filter>
    <Filter Include="헤더 파일">
      <UniqueIdentifier>{93995380-89BD-4b04-88EB-625FBE52EBFB}</UniqueIdentifier>
      <Extensions>h;hh;hpp;hxx;h++;hm;inl;inc;ipp;xsd</Extensions>
    </Filter>
    <Filter Include="리소스 파일">
      <UniqueIdentifier>{67DA6AB6-F800-4c08-8B7A-83BB121AAD01}</UniqueIdentifier>
      <Extensions>rc;ico;cur;bmp;dlg;rc2;rct;bin;rgs;gif;jpg;jpeg;jpe;resx;tiff;tif;png;wav;mfcribbon-ms</Extensions>
    </Filter>
  </ItemGroup>
  <ItemGroup>
    <ClCompile Include="main.cc">
      <Filter>소스 파일</Filter>
    </ClCompile>
    <ClCompile Include="source\InputClass.cc">
      <Filter>소스 파일</Filter>
    </ClCompile>
    <ClCompile Include="source\SystemClass.cc">
      <Filter>소스 파일</Filter>
    </ClCompile>
    <ClCompile Include="source\ApplicationClass.cc">
      <Filter>소스 파일</Filter>
    </ClCompile>
    <ClCompile Include="source\D3DClass.cc">
      <Filter>소스 파일</Filter>
    </ClCompile>
    <ClCompile Include="source\ModelClass.cc">
      <Filter>소스 파일</Filter>
    </ClCompile>
    <ClCompile Include="source\TextureClass.cc">
      <Filter>소스 파일</Filter>
    </ClCompile>
    <ClCompile Include="source\LightClass.cc">
      <Filter>소스 파일</Filter>
    </ClCompile>
    <ClCompile Include="source\LightShaderClass.cc">
      <Filter>소스 파일</Filter>
    </ClCompile>
    <ClCompile Include="source\CharacterClass.cc">
      <Filter>소스 파일</Filter>
    </ClCompile>
    <ClCompile Include="source\MonsterClass.cc">
      <Filter>소스 파일</Filter>
    </ClCompile>
    <ClCompile Include="source\AnimatedObjectClass.cc">
      <Filter>소스 파일</Filter>
    </ClCompile>
    <ClCompile Include="source\StoneShaderClass.cc">
      <Filter>소스 파일</Filter>
    </ClCompile>
    <ClCompile Include="source\CameraClass.cc">
      <Filter>소스 파일</Filter>
    </ClCompile>
    <ClCompile Include="source\SkillObjectClass.cc">
      <Filter>소스 파일</Filter>
    </ClCompile>
    <ClCompile Include="source\SkillObjects.cc">
      <Filter>소스 파일</Filter>
    </ClCompile>
    <ClCompile Include="source\Monsters.cc">
      <Filter>소스 파일</Filter>
    </ClCompile>
    <ClCompile Include="source\NormalMapShaderClass.cc">
      <Filter>소스 파일</Filter>
    </ClCompile>
    <ClCompile Include="source\RandomClass.cc">
      <Filter>소스 파일</Filter>
    </ClCompile>
    <ClCompile Include="source\MonsterSpawnerClass.cc">
      <Filter>소스 파일</Filter>
    </ClCompile>
    <ClCompile Include="source\TimerClass.cc">
      <Filter>소스 파일</Filter>
    </ClCompile>
    <ClCompile Include="source\SkillGaugeClass.cc">
      <Filter>소스 파일</Filter>
    </ClCompile>
    <ClCompile Include="source\TextureShaderClass.cc">
      <Filter>소스 파일</Filter>
    </ClCompile>
    <ClCompile Include="source\UserInterfaceClass.cc">
      <Filter>소스 파일</Filter>
    </ClCompile>
    <ClCompile Include="source\ItemClass.cc">
      <Filter>소스 파일</Filter>
    </ClCompile>
  </ItemGroup>
  <ItemGroup>
    <ClInclude Include="include\InputClass.hh">
      <Filter>헤더 파일</Filter>
    </ClInclude>
    <ClInclude Include="include\SystemClass.hh">
      <Filter>헤더 파일</Filter>
    </ClInclude>
    <ClInclude Include="include\ApplicationClass.hh">
      <Filter>헤더 파일</Filter>
    </ClInclude>
    <ClInclude Include="include\D3DClass.hh">
      <Filter>헤더 파일</Filter>
    </ClInclude>
    <ClInclude Include="include\ModelClass.hh">
      <Filter>헤더 파일</Filter>
    </ClInclude>
    <ClInclude Include="include\TextureClass.hh">
      <Filter>헤더 파일</Filter>
    </ClInclude>
    <ClInclude Include="include\LightClass.hh">
      <Filter>헤더 파일</Filter>
    </ClInclude>
    <ClInclude Include="include\LightShaderClass.hh">
      <Filter>헤더 파일</Filter>
    </ClInclude>
    <ClInclude Include="include\CharacterClass.hh">
      <Filter>헤더 파일</Filter>
    </ClInclude>
    <ClInclude Include="include\GameException.hh">
      <Filter>헤더 파일</Filter>
    </ClInclude>
    <ClInclude Include="include\MonsterClass.hh">
      <Filter>헤더 파일</Filter>
    </ClInclude>
    <ClInclude Include="include\AnimatedObjectClass.hh">
      <Filter>헤더 파일</Filter>
    </ClInclude>
    <ClInclude Include="include\StoneShaderClass.hh">
      <Filter>헤더 파일</Filter>
    </ClInclude>
    <ClInclude Include="include\CameraClass.hh">
      <Filter>헤더 파일</Filter>
    </ClInclude>
    <ClInclude Include="include\SkillObjectClass.hh">
      <Filter>헤더 파일</Filter>
    </ClInclude>
    <ClInclude Include="include\global.hh">
      <Filter>헤더 파일</Filter>
    </ClInclude>
    <ClInclude Include="include\SkillObjects.hh">
      <Filter>헤더 파일</Filter>
    </ClInclude>
    <ClInclude Include="include\Monsters.hh">
      <Filter>헤더 파일</Filter>
    </ClInclude>
    <ClInclude Include="include\GroundClass.hh">
      <Filter>헤더 파일</Filter>
    </ClInclude>
    <ClInclude Include="include\NormalMapShaderClass.hh">
      <Filter>헤더 파일</Filter>
    </ClInclude>
    <ClInclude Include="include\MonsterSpawnerClass.hh">
      <Filter>헤더 파일</Filter>
    </ClInclude>
    <ClInclude Include="include\RandomClass.hh">
      <Filter>헤더 파일</Filter>
    </ClInclude>
    <ClInclude Include="include\TimerClass.hh">
      <Filter>헤더 파일</Filter>
    </ClInclude>
    <ClInclude Include="include\TextureShaderClass.hh">
      <Filter>헤더 파일</Filter>
    </ClInclude>
    <ClInclude Include="include\SkillGaugeClass.hh">
      <Filter>헤더 파일</Filter>
    </ClInclude>
    <ClInclude Include="include\UserInterfaceClass.hh">
      <Filter>헤더 파일</Filter>
    </ClInclude>
    <ClInclude Include="include\ItemClass.hh">
      <Filter>헤더 파일</Filter>
    </ClInclude>
  </ItemGroup>
</Project>